
Microsoft Visual Studio Solution File, Format Version 12.00
# Visual Studio Version 17
VisualStudioVersion = 17.0.31903.59
MinimumVisualStudioVersion = 10.0.40219.1
Project("{2150E333-8FDC-42A3-9474-1A3956D46DE8}") = "Api", "Api", "{D82C56D6-B2CD-F611-9E31-04638F7EC30E}"
EndProject
Project("{FAE04EC0-301F-11D3-BF4B-00C04F79EFBC}") = "WebApi", "Api\WebApi\WebApi.csproj", "{FA811997-862F-4C98-B4D9-2E236CD84EEE}"
EndProject
Project("{2150E333-8FDC-42A3-9474-1A3956D46DE8}") = "BackEnd", "BackEnd", "{1AE8ACA6-933B-BF2A-3671-3E2EAC007D16}"
EndProject
Project("{FAE04EC0-301F-11D3-BF4B-00C04F79EFBC}") = "WebApp", "BackEnd\WebApp\WebApp.csproj", "{B8078B5F-DC88-4D3F-B699-DDF6DAB5A9C2}"
EndProject
Project("{2150E333-8FDC-42A3-9474-1A3956D46DE8}") = "Test", "Test", "{0C88DD14-F956-CE84-757C-A364CCF449FC}"
EndProject
Project("{FAE04EC0-301F-11D3-BF4B-00C04F79EFBC}") = "BLTest", "Test\BLTest\BLTest.csproj", "{D1516356-F06F-4312-A20B-7DAABB779968}"
EndProject
Project("{FAE04EC0-301F-11D3-BF4B-00C04F79EFBC}") = "WebApiTest", "Test\WebApiTest\WebApiTest.csproj", "{534B8FD8-30ED-4B9A-8A84-96C7347F4871}"
EndProject
Project("{FAE04EC0-301F-11D3-BF4B-00C04F79EFBC}") = "WebAppTest", "Test\WebAppTest\WebAppTest.csproj", "{9B61BBB4-7241-4EA6-B114-B2BD3F172F37}"
EndProject
Project("{2150E333-8FDC-42A3-9474-1A3956D46DE8}") = "Logic", "Logic", "{B68C8C56-9D20-6463-44D5-977C364AEFA8}"
EndProject
Project("{FAE04EC0-301F-11D3-BF4B-00C04F79EFBC}") = "Contracts", "Logic\Contracts\Contracts.csproj", "{66968E72-43BF-4A37-892F-ECDEB1E41218}"
EndProject
Project("{FAE04EC0-301F-11D3-BF4B-00C04F79EFBC}") = "BuissnessLogic", "Logic\BuissnessLogic\BuissnessLogic.csproj", "{66AFDC8E-5032-4692-B9C2-0C535F1754A3}"
EndProject
Project("{2150E333-8FDC-42A3-9474-1A3956D46DE8}") = "FrontEnd", "FrontEnd", "{CE609670-85B9-0D16-FB54-ED063D5D8A6D}"
EndProject
Project("{2150E333-8FDC-42A3-9474-1A3956D46DE8}") = "_Solution items", "_Solution items", "{942F7E01-8C31-4CE5-8BCE-52235562D719}"
	ProjectSection(SolutionItems) = preProject
		Directory.Packages.props = Directory.Packages.props
	EndProjectSection
EndProject
Project("{FAE04EC0-301F-11D3-BF4B-00C04F79EFBC}") = "frontend", "FrontEnd\frontend\frontend.csproj", "{B6C4ADD0-08FF-4E2B-9BF9-1C1C2A5587EE}"
EndProject
Global
	GlobalSection(SolutionConfigurationPlatforms) = preSolution
		Debug|Any CPU = Debug|Any CPU
		Debug|x64 = Debug|x64
		Debug|x86 = Debug|x86
		Release|Any CPU = Release|Any CPU
		Release|x64 = Release|x64
		Release|x86 = Release|x86
	EndGlobalSection
	GlobalSection(ProjectConfigurationPlatforms) = postSolution
		{FA811997-862F-4C98-B4D9-2E236CD84EEE}.Debug|Any CPU.ActiveCfg = Debug|Any CPU
		{FA811997-862F-4C98-B4D9-2E236CD84EEE}.Debug|Any CPU.Build.0 = Debug|Any CPU
		{FA811997-862F-4C98-B4D9-2E236CD84EEE}.Debug|x64.ActiveCfg = Debug|Any CPU
		{FA811997-862F-4C98-B4D9-2E236CD84EEE}.Debug|x64.Build.0 = Debug|Any CPU
		{FA811997-862F-4C98-B4D9-2E236CD84EEE}.Debug|x86.ActiveCfg = Debug|Any CPU
		{FA811997-862F-4C98-B4D9-2E236CD84EEE}.Debug|x86.Build.0 = Debug|Any CPU
		{FA811997-862F-4C98-B4D9-2E236CD84EEE}.Release|Any CPU.ActiveCfg = Release|Any CPU
		{FA811997-862F-4C98-B4D9-2E236CD84EEE}.Release|Any CPU.Build.0 = Release|Any CPU
		{FA811997-862F-4C98-B4D9-2E236CD84EEE}.Release|x64.ActiveCfg = Release|Any CPU
		{FA811997-862F-4C98-B4D9-2E236CD84EEE}.Release|x64.Build.0 = Release|Any CPU
		{FA811997-862F-4C98-B4D9-2E236CD84EEE}.Release|x86.ActiveCfg = Release|Any CPU
		{FA811997-862F-4C98-B4D9-2E236CD84EEE}.Release|x86.Build.0 = Release|Any CPU
		{B8078B5F-DC88-4D3F-B699-DDF6DAB5A9C2}.Debug|Any CPU.ActiveCfg = Debug|Any CPU
		{B8078B5F-DC88-4D3F-B699-DDF6DAB5A9C2}.Debug|Any CPU.Build.0 = Debug|Any CPU
		{B8078B5F-DC88-4D3F-B699-DDF6DAB5A9C2}.Debug|x64.ActiveCfg = Debug|Any CPU
		{B8078B5F-DC88-4D3F-B699-DDF6DAB5A9C2}.Debug|x64.Build.0 = Debug|Any CPU
		{B8078B5F-DC88-4D3F-B699-DDF6DAB5A9C2}.Debug|x86.ActiveCfg = Debug|Any CPU
		{B8078B5F-DC88-4D3F-B699-DDF6DAB5A9C2}.Debug|x86.Build.0 = Debug|Any CPU
		{B8078B5F-DC88-4D3F-B699-DDF6DAB5A9C2}.Release|Any CPU.ActiveCfg = Release|Any CPU
		{B8078B5F-DC88-4D3F-B699-DDF6DAB5A9C2}.Release|Any CPU.Build.0 = Release|Any CPU
		{B8078B5F-DC88-4D3F-B699-DDF6DAB5A9C2}.Release|x64.ActiveCfg = Release|Any CPU
		{B8078B5F-DC88-4D3F-B699-DDF6DAB5A9C2}.Release|x64.Build.0 = Release|Any CPU
		{B8078B5F-DC88-4D3F-B699-DDF6DAB5A9C2}.Release|x86.ActiveCfg = Release|Any CPU
		{B8078B5F-DC88-4D3F-B699-DDF6DAB5A9C2}.Release|x86.Build.0 = Release|Any CPU
		{D1516356-F06F-4312-A20B-7DAABB779968}.Debug|Any CPU.ActiveCfg = Debug|Any CPU
		{D1516356-F06F-4312-A20B-7DAABB779968}.Debug|Any CPU.Build.0 = Debug|Any CPU
		{D1516356-F06F-4312-A20B-7DAABB779968}.Debug|x64.ActiveCfg = Debug|Any CPU
		{D1516356-F06F-4312-A20B-7DAABB779968}.Debug|x64.Build.0 = Debug|Any CPU
		{D1516356-F06F-4312-A20B-7DAABB779968}.Debug|x86.ActiveCfg = Debug|Any CPU
		{D1516356-F06F-4312-A20B-7DAABB779968}.Debug|x86.Build.0 = Debug|Any CPU
		{D1516356-F06F-4312-A20B-7DAABB779968}.Release|Any CPU.ActiveCfg = Release|Any CPU
		{D1516356-F06F-4312-A20B-7DAABB779968}.Release|Any CPU.Build.0 = Release|Any CPU
		{D1516356-F06F-4312-A20B-7DAABB779968}.Release|x64.ActiveCfg = Release|Any CPU
		{D1516356-F06F-4312-A20B-7DAABB779968}.Release|x64.Build.0 = Release|Any CPU
		{D1516356-F06F-4312-A20B-7DAABB779968}.Release|x86.ActiveCfg = Release|Any CPU
		{D1516356-F06F-4312-A20B-7DAABB779968}.Release|x86.Build.0 = Release|Any CPU
		{534B8FD8-30ED-4B9A-8A84-96C7347F4871}.Debug|Any CPU.ActiveCfg = Debug|Any CPU
		{534B8FD8-30ED-4B9A-8A84-96C7347F4871}.Debug|Any CPU.Build.0 = Debug|Any CPU
		{534B8FD8-30ED-4B9A-8A84-96C7347F4871}.Debug|x64.ActiveCfg = Debug|Any CPU
		{534B8FD8-30ED-4B9A-8A84-96C7347F4871}.Debug|x64.Build.0 = Debug|Any CPU
		{534B8FD8-30ED-4B9A-8A84-96C7347F4871}.Debug|x86.ActiveCfg = Debug|Any CPU
		{534B8FD8-30ED-4B9A-8A84-96C7347F4871}.Debug|x86.Build.0 = Debug|Any CPU
		{534B8FD8-30ED-4B9A-8A84-96C7347F4871}.Release|Any CPU.ActiveCfg = Release|Any CPU
		{534B8FD8-30ED-4B9A-8A84-96C7347F4871}.Release|Any CPU.Build.0 = Release|Any CPU
		{534B8FD8-30ED-4B9A-8A84-96C7347F4871}.Release|x64.ActiveCfg = Release|Any CPU
		{534B8FD8-30ED-4B9A-8A84-96C7347F4871}.Release|x64.Build.0 = Release|Any CPU
		{534B8FD8-30ED-4B9A-8A84-96C7347F4871}.Release|x86.ActiveCfg = Release|Any CPU
		{534B8FD8-30ED-4B9A-8A84-96C7347F4871}.Release|x86.Build.0 = Release|Any CPU
		{9B61BBB4-7241-4EA6-B114-B2BD3F172F37}.Debug|Any CPU.ActiveCfg = Debug|Any CPU
		{9B61BBB4-7241-4EA6-B114-B2BD3F172F37}.Debug|Any CPU.Build.0 = Debug|Any CPU
		{9B61BBB4-7241-4EA6-B114-B2BD3F172F37}.Debug|x64.ActiveCfg = Debug|Any CPU
		{9B61BBB4-7241-4EA6-B114-B2BD3F172F37}.Debug|x64.Build.0 = Debug|Any CPU
		{9B61BBB4-7241-4EA6-B114-B2BD3F172F37}.Debug|x86.ActiveCfg = Debug|Any CPU
		{9B61BBB4-7241-4EA6-B114-B2BD3F172F37}.Debug|x86.Build.0 = Debug|Any CPU
		{9B61BBB4-7241-4EA6-B114-B2BD3F172F37}.Release|Any CPU.ActiveCfg = Release|Any CPU
		{9B61BBB4-7241-4EA6-B114-B2BD3F172F37}.Release|Any CPU.Build.0 = Release|Any CPU
		{9B61BBB4-7241-4EA6-B114-B2BD3F172F37}.Release|x64.ActiveCfg = Release|Any CPU
		{9B61BBB4-7241-4EA6-B114-B2BD3F172F37}.Release|x64.Build.0 = Release|Any CPU
		{9B61BBB4-7241-4EA6-B114-B2BD3F172F37}.Release|x86.ActiveCfg = Release|Any CPU
		{9B61BBB4-7241-4EA6-B114-B2BD3F172F37}.Release|x86.Build.0 = Release|Any CPU
		{66968E72-43BF-4A37-892F-ECDEB1E41218}.Debug|Any CPU.ActiveCfg = Debug|Any CPU
		{66968E72-43BF-4A37-892F-ECDEB1E41218}.Debug|Any CPU.Build.0 = Debug|Any CPU
		{66968E72-43BF-4A37-892F-ECDEB1E41218}.Debug|x64.ActiveCfg = Debug|Any CPU
		{66968E72-43BF-4A37-892F-ECDEB1E41218}.Debug|x64.Build.0 = Debug|Any CPU
		{66968E72-43BF-4A37-892F-ECDEB1E41218}.Debug|x86.ActiveCfg = Debug|Any CPU
		{66968E72-43BF-4A37-892F-ECDEB1E41218}.Debug|x86.Build.0 = Debug|Any CPU
		{66968E72-43BF-4A37-892F-ECDEB1E41218}.Release|Any CPU.ActiveCfg = Release|Any CPU
		{66968E72-43BF-4A37-892F-ECDEB1E41218}.Release|Any CPU.Build.0 = Release|Any CPU
		{66968E72-43BF-4A37-892F-ECDEB1E41218}.Release|x64.ActiveCfg = Release|Any CPU
		{66968E72-43BF-4A37-892F-ECDEB1E41218}.Release|x64.Build.0 = Release|Any CPU
		{66968E72-43BF-4A37-892F-ECDEB1E41218}.Release|x86.ActiveCfg = Release|Any CPU
		{66968E72-43BF-4A37-892F-ECDEB1E41218}.Release|x86.Build.0 = Release|Any CPU
		{66AFDC8E-5032-4692-B9C2-0C535F1754A3}.Debug|Any CPU.ActiveCfg = Debug|Any CPU
		{66AFDC8E-5032-4692-B9C2-0C535F1754A3}.Debug|Any CPU.Build.0 = Debug|Any CPU
		{66AFDC8E-5032-4692-B9C2-0C535F1754A3}.Debug|x64.ActiveCfg = Debug|Any CPU
		{66AFDC8E-5032-4692-B9C2-0C535F1754A3}.Debug|x64.Build.0 = Debug|Any CPU
		{66AFDC8E-5032-4692-B9C2-0C535F1754A3}.Debug|x86.ActiveCfg = Debug|Any CPU
		{66AFDC8E-5032-4692-B9C2-0C535F1754A3}.Debug|x86.Build.0 = Debug|Any CPU
		{66AFDC8E-5032-4692-B9C2-0C535F1754A3}.Release|Any CPU.ActiveCfg = Release|Any CPU
		{66AFDC8E-5032-4692-B9C2-0C535F1754A3}.Release|Any CPU.Build.0 = Release|Any CPU
		{66AFDC8E-5032-4692-B9C2-0C535F1754A3}.Release|x64.ActiveCfg = Release|Any CPU
		{66AFDC8E-5032-4692-B9C2-0C535F1754A3}.Release|x64.Build.0 = Release|Any CPU
		{66AFDC8E-5032-4692-B9C2-0C535F1754A3}.Release|x86.ActiveCfg = Release|Any CPU
		{66AFDC8E-5032-4692-B9C2-0C535F1754A3}.Release|x86.Build.0 = Release|Any CPU
		{B6C4ADD0-08FF-4E2B-9BF9-1C1C2A5587EE}.Debug|Any CPU.ActiveCfg = Debug|Any CPU
		{B6C4ADD0-08FF-4E2B-9BF9-1C1C2A5587EE}.Debug|Any CPU.Build.0 = Debug|Any CPU
		{B6C4ADD0-08FF-4E2B-9BF9-1C1C2A5587EE}.Debug|x64.ActiveCfg = Debug|Any CPU
		{B6C4ADD0-08FF-4E2B-9BF9-1C1C2A5587EE}.Debug|x64.Build.0 = Debug|Any CPU
		{B6C4ADD0-08FF-4E2B-9BF9-1C1C2A5587EE}.Debug|x86.ActiveCfg = Debug|Any CPU
		{B6C4ADD0-08FF-4E2B-9BF9-1C1C2A5587EE}.Debug|x86.Build.0 = Debug|Any CPU
		{B6C4ADD0-08FF-4E2B-9BF9-1C1C2A5587EE}.Release|Any CPU.ActiveCfg = Release|Any CPU
		{B6C4ADD0-08FF-4E2B-9BF9-1C1C2A5587EE}.Release|Any CPU.Build.0 = Release|Any CPU
		{B6C4ADD0-08FF-4E2B-9BF9-1C1C2A5587EE}.Release|x64.ActiveCfg = Release|Any CPU
		{B6C4ADD0-08FF-4E2B-9BF9-1C1C2A5587EE}.Release|x64.Build.0 = Release|Any CPU
		{B6C4ADD0-08FF-4E2B-9BF9-1C1C2A5587EE}.Release|x86.ActiveCfg = Release|Any CPU
		{B6C4ADD0-08FF-4E2B-9BF9-1C1C2A5587EE}.Release|x86.Build.0 = Release|Any CPU
	EndGlobalSection
	GlobalSection(SolutionProperties) = preSolution
		HideSolutionNode = FALSE
	EndGlobalSection
	GlobalSection(NestedProjects) = preSolution
		{FA811997-862F-4C98-B4D9-2E236CD84EEE} = {D82C56D6-B2CD-F611-9E31-04638F7EC30E}
		{B8078B5F-DC88-4D3F-B699-DDF6DAB5A9C2} = {1AE8ACA6-933B-BF2A-3671-3E2EAC007D16}
		{D1516356-F06F-4312-A20B-7DAABB779968} = {0C88DD14-F956-CE84-757C-A364CCF449FC}
		{534B8FD8-30ED-4B9A-8A84-96C7347F4871} = {0C88DD14-F956-CE84-757C-A364CCF449FC}
		{9B61BBB4-7241-4EA6-B114-B2BD3F172F37} = {0C88DD14-F956-CE84-757C-A364CCF449FC}
		{66968E72-43BF-4A37-892F-ECDEB1E41218} = {B68C8C56-9D20-6463-44D5-977C364AEFA8}
		{66AFDC8E-5032-4692-B9C2-0C535F1754A3} = {B68C8C56-9D20-6463-44D5-977C364AEFA8}
		{B6C4ADD0-08FF-4E2B-9BF9-1C1C2A5587EE} = {CE609670-85B9-0D16-FB54-ED063D5D8A6D}
	EndGlobalSection
	GlobalSection(ExtensibilityGlobals) = postSolution
		SolutionGuid = {24D62D96-C884-42FC-9669-503B717891FC}
	EndGlobalSection
EndGlobal
